// !$*UTF8*$!
{
	archiveVersion = 1;
	classes = {
	};
	objectVersion = 50;
	objects = {

/* Begin PBXBuildFile section */
		2426F5C422CD3AF7000FF170 /* AppDelegate.swift in Sources */ = {isa = PBXBuildFile; fileRef = 2426F5C322CD3AF7000FF170 /* AppDelegate.swift */; };
		2426F5C622CD3AF7000FF170 /* ViewController.swift in Sources */ = {isa = PBXBuildFile; fileRef = 2426F5C522CD3AF7000FF170 /* ViewController.swift */; };
		2426F5C922CD3AF7000FF170 /* Main.storyboard in Resources */ = {isa = PBXBuildFile; fileRef = 2426F5C722CD3AF7000FF170 /* Main.storyboard */; };
		2426F5CB22CD3B03000FF170 /* Assets.xcassets in Resources */ = {isa = PBXBuildFile; fileRef = 2426F5CA22CD3B03000FF170 /* Assets.xcassets */; };
		2426F5CE22CD3B03000FF170 /* LaunchScreen.storyboard in Resources */ = {isa = PBXBuildFile; fileRef = 2426F5CC22CD3B03000FF170 /* LaunchScreen.storyboard */; };
		2426F5DC22CD3EA3000FF170 /* NoteCell.swift in Sources */ = {isa = PBXBuildFile; fileRef = 2426F5DB22CD3EA3000FF170 /* NoteCell.swift */; };
		2426F5DE22CD4041000FF170 /* Note.swift in Sources */ = {isa = PBXBuildFile; fileRef = 2426F5DD22CD4041000FF170 /* Note.swift */; };
		2426F5E222CD46F4000FF170 /* DetailViewController.swift in Sources */ = {isa = PBXBuildFile; fileRef = 2426F5E122CD46F4000FF170 /* DetailViewController.swift */; };
		2426F5E422D25AD2000FF170 /* Navigation_Compose.png in Resources */ = {isa = PBXBuildFile; fileRef = 2426F5E322D25AD2000FF170 /* Navigation_Compose.png */; };
		242AE2AE22D2DC82006D1BE1 /* Navigation_Trash.png in Resources */ = {isa = PBXBuildFile; fileRef = 242AE2AD22D2DC81006D1BE1 /* Navigation_Trash.png */; };
/* End PBXBuildFile section */

/* Begin PBXFileReference section */
		2426F5C022CD3AF7000FF170 /* Milestone Projects 19-21.app */ = {isa = PBXFileReference; explicitFileType = wrapper.application; includeInIndex = 0; path = "Milestone Projects 19-21.app"; sourceTree = BUILT_PRODUCTS_DIR; };
		2426F5C322CD3AF7000FF170 /* AppDelegate.swift */ = {isa = PBXFileReference; lastKnownFileType = sourcecode.swift; path = AppDelegate.swift; sourceTree = "<group>"; };
		2426F5C522CD3AF7000FF170 /* ViewController.swift */ = {isa = PBXFileReference; lastKnownFileType = sourcecode.swift; path = ViewController.swift; sourceTree = "<group>"; };
		2426F5C822CD3AF7000FF170 /* Base */ = {isa = PBXFileReference; lastKnownFileType = file.storyboard; name = Base; path = Base.lproj/Main.storyboard; sourceTree = "<group>"; };
		2426F5CA22CD3B03000FF170 /* Assets.xcassets */ = {isa = PBXFileReference; lastKnownFileType = folder.assetcatalog; path = Assets.xcassets; sourceTree = "<group>"; };
		2426F5CD22CD3B03000FF170 /* Base */ = {isa = PBXFileReference; lastKnownFileType = file.storyboard; name = Base; path = Base.lproj/LaunchScreen.storyboard; sourceTree = "<group>"; };
		2426F5CF22CD3B03000FF170 /* Info.plist */ = {isa = PBXFileReference; lastKnownFileType = text.plist.xml; path = Info.plist; sourceTree = "<group>"; };
		2426F5DB22CD3EA3000FF170 /* NoteCell.swift */ = {isa = PBXFileReference; lastKnownFileType = sourcecode.swift; path = NoteCell.swift; sourceTree = "<group>"; };
		2426F5DD22CD4041000FF170 /* Note.swift */ = {isa = PBXFileReference; lastKnownFileType = sourcecode.swift; path = Note.swift; sourceTree = "<group>"; };
		2426F5E122CD46F4000FF170 /* DetailViewController.swift */ = {isa = PBXFileReference; lastKnownFileType = sourcecode.swift; path = DetailViewController.swift; sourceTree = "<group>"; };
		2426F5E322D25AD2000FF170 /* Navigation_Compose.png */ = {isa = PBXFileReference; lastKnownFileType = image.png; path = Navigation_Compose.png; sourceTree = "<group>"; };
		242AE2AD22D2DC81006D1BE1 /* Navigation_Trash.png */ = {isa = PBXFileReference; lastKnownFileType = image.png; path = Navigation_Trash.png; sourceTree = "<group>"; };
/* End PBXFileReference section */

/* Begin PBXFrameworksBuildPhase section */
		2426F5BD22CD3AF7000FF170 /* Frameworks */ = {
			isa = PBXFrameworksBuildPhase;
			buildActionMask = 2147483647;
			files = (
			);
			runOnlyForDeploymentPostprocessing = 0;
		};
/* End PBXFrameworksBuildPhase section */

/* Begin PBXGroup section */
		2426F5B722CD3AF7000FF170 = {
			isa = PBXGroup;
			children = (
				2426F5C222CD3AF7000FF170 /* Milestone Projects 19-21 */,
				2426F5C122CD3AF7000FF170 /* Products */,
			);
			sourceTree = "<group>";
		};
		2426F5C122CD3AF7000FF170 /* Products */ = {
			isa = PBXGroup;
			children = (
				2426F5C022CD3AF7000FF170 /* Milestone Projects 19-21.app */,
			);
			name = Products;
			sourceTree = "<group>";
		};
		2426F5C222CD3AF7000FF170 /* Milestone Projects 19-21 */ = {
			isa = PBXGroup;
			children = (
				2426F5E122CD46F4000FF170 /* DetailViewController.swift */,
				2426F5DB22CD3EA3000FF170 /* NoteCell.swift */,
				2426F5C322CD3AF7000FF170 /* AppDelegate.swift */,
				2426F5C522CD3AF7000FF170 /* ViewController.swift */,
				2426F5E322D25AD2000FF170 /* Navigation_Compose.png */,
				2426F5C722CD3AF7000FF170 /* Main.storyboard */,
				2426F5DD22CD4041000FF170 /* Note.swift */,
				2426F5CA22CD3B03000FF170 /* Assets.xcassets */,
				242AE2AD22D2DC81006D1BE1 /* Navigation_Trash.png */,
				2426F5CC22CD3B03000FF170 /* LaunchScreen.storyboard */,
				2426F5CF22CD3B03000FF170 /* Info.plist */,
			);
			path = "Milestone Projects 19-21";
			sourceTree = "<group>";
		};
/* End PBXGroup section */

/* Begin PBXNativeTarget section */
		2426F5BF22CD3AF7000FF170 /* Milestone Projects 19-21 */ = {
			isa = PBXNativeTarget;
			buildConfigurationList = 2426F5D222CD3B03000FF170 /* Build configuration list for PBXNativeTarget "Milestone Projects 19-21" */;
			buildPhases = (
				2426F5BC22CD3AF7000FF170 /* Sources */,
				2426F5BD22CD3AF7000FF170 /* Frameworks */,
				2426F5BE22CD3AF7000FF170 /* Resources */,
			);
			buildRules = (
			);
			dependencies = (
			);
			name = "Milestone Projects 19-21";
			productName = "Milestone Projects 19-21";
			productReference = 2426F5C022CD3AF7000FF170 /* Milestone Projects 19-21.app */;
			productType = "com.apple.product-type.application";
		};
/* End PBXNativeTarget section */

/* Begin PBXProject section */
		2426F5B822CD3AF7000FF170 /* Project object */ = {
			isa = PBXProject;
			attributes = {
				LastSwiftUpdateCheck = 1020;
				LastUpgradeCheck = 1020;
				ORGANIZATIONNAME = "Thomas Kellough";
				TargetAttributes = {
					2426F5BF22CD3AF7000FF170 = {
						CreatedOnToolsVersion = 10.2.1;
					};
				};
			};
			buildConfigurationList = 2426F5BB22CD3AF7000FF170 /* Build configuration list for PBXProject "Milestone Projects 19-21" */;
			compatibilityVersion = "Xcode 9.3";
			developmentRegion = en;
			hasScannedForEncodings = 0;
			knownRegions = (
				en,
				Base,
			);
			mainGroup = 2426F5B722CD3AF7000FF170;
			productRefGroup = 2426F5C122CD3AF7000FF170 /* Products */;
			projectDirPath = "";
			projectRoot = "";
			targets = (
				2426F5BF22CD3AF7000FF170 /* Milestone Projects 19-21 */,
			);
		};
/* End PBXProject section */

/* Begin PBXResourcesBuildPhase section */
		2426F5BE22CD3AF7000FF170 /* Resources */ = {
			isa = PBXResourcesBuildPhase;
			buildActionMask = 2147483647;
			files = (
				2426F5CE22CD3B03000FF170 /* LaunchScreen.storyboard in Resources */,
				2426F5CB22CD3B03000FF170 /* Assets.xcassets in Resources */,
				2426F5E422D25AD2000FF170 /* Navigation_Compose.png in Resources */,
				242AE2AE22D2DC82006D1BE1 /* Navigation_Trash.png in Resources */,
				2426F5C922CD3AF7000FF170 /* Main.storyboard in Resources */,
			);
			runOnlyForDeploymentPostprocessing = 0;
		};
/* End PBXResourcesBuildPhase section */

/* Begin PBXSourcesBuildPhase section */
		2426F5BC22CD3AF7000FF170 /* Sources */ = {
			isa = PBXSourcesBuildPhase;
			buildActionMask = 2147483647;
			files = (
				2426F5DC22CD3EA3000FF170 /* NoteCell.swift in Sources */,
				2426F5C622CD3AF7000FF170 /* ViewController.swift in Sources */,
				2426F5E222CD46F4000FF170 /* DetailViewController.swift in Sources */,
				2426F5C422CD3AF7000FF170 /* AppDelegate.swift in Sources */,
				2426F5DE22CD4041000FF170 /* Note.swift in Sources */,
			);
			runOnlyForDeploymentPostprocessing = 0;
		};
/* End PBXSourcesBuildPhase section */

/* Begin PBXVariantGroup section */
		2426F5C722CD3AF7000FF170 /* Main.storyboard */ = {
			isa = PBXVariantGroup;
			children = (
				2426F5C822CD3AF7000FF170 /* Base */,
			);
			name = Main.storyboard;
			sourceTree = "<group>";
		};
		2426F5CC22CD3B03000FF170 /* LaunchScreen.storyboard */ = {
			isa = PBXVariantGroup;
			children = (
				2426F5CD22CD3B03000FF170 /* Base */,
			);
			name = LaunchScreen.storyboard;
			sourceTree = "<group>";
		};
/* End PBXVariantGroup section */

/* Begin XCBuildConfiguration section */
		2426F5D022CD3B03000FF170 /* Debug */ = {
			isa = XCBuildConfiguration;
			buildSettings = {
				ALWAYS_SEARCH_USER_PATHS = NO;
				CLANG_ANALYZER_NONNULL = YES;
				CLANG_ANALYZER_NUMBER_OBJECT_CONVERSION = YES_AGGRESSIVE;
				CLANG_CXX_LANGUAGE_STANDARD = "gnu++14";
				CLANG_CXX_LIBRARY = "libc++";
				CLANG_ENABLE_MODULES = YES;
				CLANG_ENABLE_OBJC_ARC = YES;
				CLANG_ENABLE_OBJC_WEAK = YES;
				CLANG_WARN_BLOCK_CAPTURE_AUTORELEASING = YES;
				CLANG_WARN_BOOL_CONVERSION = YES;
				CLANG_WARN_COMMA = YES;
				CLANG_WARN_CONSTANT_CONVERSION = YES;
				CLANG_WARN_DEPRECATED_OBJC_IMPLEMENTATIONS = YES;
				CLANG_WARN_DIRECT_OBJC_ISA_USAGE = YES_ERROR;
				CLANG_WARN_DOCUMENTATION_COMMENTS = YES;
				CLANG_WARN_EMPTY_BODY = YES;
				CLANG_WARN_ENUM_CONVERSION = YES;
				CLANG_WARN_INFINITE_RECURSION = YES;
				CLANG_WARN_INT_CONVERSION = YES;
				CLANG_WARN_NON_LITERAL_NULL_CONVERSION = YES;
				CLANG_WARN_OBJC_IMPLICIT_RETAIN_SELF = YES;
				CLANG_WARN_OBJC_LITERAL_CONVERSION = YES;
				CLANG_WARN_OBJC_ROOT_CLASS = YES_ERROR;
				CLANG_WARN_RANGE_LOOP_ANALYSIS = YES;
				CLANG_WARN_STRICT_PROTOTYPES = YES;
				CLANG_WARN_SUSPICIOUS_MOVE = YES;
				CLANG_WARN_UNGUARDED_AVAILABILITY = YES_AGGRESSIVE;
				CLANG_WARN_UNREACHABLE_CODE = YES;
				CLANG_WARN__DUPLICATE_METHOD_MATCH = YES;
				CODE_SIGN_IDENTITY = "iPhone Developer";
				COPY_PHASE_STRIP = NO;
				DEBUG_INFORMATION_FORMAT = dwarf;
				ENABLE_STRICT_OBJC_MSGSEND = YES;
				ENABLE_TESTABILITY = YES;
				GCC_C_LANGUAGE_STANDARD = gnu11;
				GCC_DYNAMIC_NO_PIC = NO;
				GCC_NO_COMMON_BLOCKS = YES;
				GCC_OPTIMIZATION_LEVEL = 0;
				GCC_PREPROCESSOR_DEFINITIONS = (
					"DEBUG=1",
					"$(inherited)",
				);
				GCC_WARN_64_TO_32_BIT_CONVERSION = YES;
				GCC_WARN_ABOUT_RETURN_TYPE = YES_ERROR;
				GCC_WARN_UNDECLARED_SELECTOR = YES;
				GCC_WARN_UNINITIALIZED_AUTOS = YES_AGGRESSIVE;
				GCC_WARN_UNUSED_FUNCTION = YES;
				GCC_WARN_UNUSED_VARIABLE = YES;
				IPHONEOS_DEPLOYMENT_TARGET = 12.2;
				MTL_ENABLE_DEBUG_INFO = INCLUDE_SOURCE;
				MTL_FAST_MATH = YES;
				ONLY_ACTIVE_ARCH = YES;
				SDKROOT = iphoneos;
				SWIFT_ACTIVE_COMPILATION_CONDITIONS = DEBUG;
				SWIFT_OPTIMIZATION_LEVEL = "-Onone";
			};
			name = Debug;
		};
		2426F5D122CD3B03000FF170 /* Release */ = {
			isa = XCBuildConfiguration;
			buildSettings = {
				ALWAYS_SEARCH_USER_PATHS = NO;
				CLANG_ANALYZER_NONNULL = YES;
				CLANG_ANALYZER_NUMBER_OBJECT_CONVERSION = YES_AGGRESSIVE;
				CLANG_CXX_LANGUAGE_STANDARD = "gnu++14";
				CLANG_CXX_LIBRARY = "libc++";
				CLANG_ENABLE_MODULES = YES;
				CLANG_ENABLE_OBJC_ARC = YES;
				CLANG_ENABLE_OBJC_WEAK = YES;
				CLANG_WARN_BLOCK_CAPTURE_AUTORELEASING = YES;
				CLANG_WARN_BOOL_CONVERSION = YES;
				CLANG_WARN_COMMA = YES;
				CLANG_WARN_CONSTANT_CONVERSION = YES;
				CLANG_WARN_DEPRECATED_OBJC_IMPLEMENTATIONS = YES;
				CLANG_WARN_DIRECT_OBJC_ISA_USAGE = YES_ERROR;
				CLANG_WARN_DOCUMENTATION_COMMENTS = YES;
				CLANG_WARN_EMPTY_BODY = YES;
				CLANG_WARN_ENUM_CONVERSION = YES;
				CLANG_WARN_INFINITE_RECURSION = YES;
				CLANG_WARN_INT_CONVERSION = YES;
				CLANG_WARN_NON_LITERAL_NULL_CONVERSION = YES;
				CLANG_WARN_OBJC_IMPLICIT_RETAIN_SELF = YES;
				CLANG_WARN_OBJC_LITERAL_CONVERSION = YES;
				CLANG_WARN_OBJC_ROOT_CLASS = YES_ERROR;
				CLANG_WARN_RANGE_LOOP_ANALYSIS = YES;
				CLANG_WARN_STRICT_PROTOTYPES = YES;
				CLANG_WARN_SUSPICIOUS_MOVE = YES;
				CLANG_WARN_UNGUARDED_AVAILABILITY = YES_AGGRESSIVE;
				CLANG_WARN_UNREACHABLE_CODE = YES;
				CLANG_WARN__DUPLICATE_METHOD_MATCH = YES;
				CODE_SIGN_IDENTITY = "iPhone Developer";
				COPY_PHASE_STRIP = NO;
				DEBUG_INFORMATION_FORMAT = "dwarf-with-dsym";
				ENABLE_NS_ASSERTIONS = NO;
				ENABLE_STRICT_OBJC_MSGSEND = YES;
				GCC_C_LANGUAGE_STANDARD = gnu11;
				GCC_NO_COMMON_BLOCKS = YES;
				GCC_WARN_64_TO_32_BIT_CONVERSION = YES;
				GCC_WARN_ABOUT_RETURN_TYPE = YES_ERROR;
				GCC_WARN_UNDECLARED_SELECTOR = YES;
				GCC_WARN_UNINITIALIZED_AUTOS = YES_AGGRESSIVE;
				GCC_WARN_UNUSED_FUNCTION = YES;
				GCC_WARN_UNUSED_VARIABLE = YES;
				IPHONEOS_DEPLOYMENT_TARGET = 12.2;
				MTL_ENABLE_DEBUG_INFO = NO;
				MTL_FAST_MATH = YES;
				SDKROOT = iphoneos;
				SWIFT_COMPILATION_MODE = wholemodule;
				SWIFT_OPTIMIZATION_LEVEL = "-O";
				VALIDATE_PRODUCT = YES;
			};
			name = Release;
		};
		2426F5D322CD3B03000FF170 /* Debug */ = {
			isa = XCBuildConfiguration;
			buildSettings = {
				ASSETCATALOG_COMPILER_APPICON_NAME = AppIcon;
				CODE_SIGN_STYLE = Automatic;
				DEVELOPMENT_TEAM = 3AX6FLKBW9;
				INFOPLIST_FILE = "Milestone Projects 19-21/Info.plist";
				LD_RUNPATH_SEARCH_PATHS = (
					"$(inherited)",
					"@executable_path/Frameworks",
				);
				PRODUCT_BUNDLE_IDENTIFIER = "com.kellough.Milestone-Projects-19-21";
				PRODUCT_NAME = "$(TARGET_NAME)";
				SWIFT_VERSION = 5.0;
				TARGETED_DEVICE_FAMILY = "1,2";
			};
			name = Debug;
		};
		2426F5D422CD3B03000FF170 /* Release */ = {
			isa = XCBuildConfiguration;
			buildSettings = {
				ASSETCATALOG_COMPILER_APPICON_NAME = AppIcon;
				CODE_SIGN_STYLE = Automatic;
				DEVELOPMENT_TEAM = 3AX6FLKBW9;
				INFOPLIST_FILE = "Milestone Projects 19-21/Info.plist";
				LD_RUNPATH_SEARCH_PATHS = (
					"$(inherited)",
					"@executable_path/Frameworks",
				);
				PRODUCT_BUNDLE_IDENTIFIER = "com.kellough.Milestone-Projects-19-21";
				PRODUCT_NAME = "$(TARGET_NAME)";
				SWIFT_VERSION = 5.0;
				TARGETED_DEVICE_FAMILY = "1,2";
			};
			name = Release;
		};
/* End XCBuildConfiguration section */

/* Begin XCConfigurationList section */
		2426F5BB22CD3AF7000FF170 /* Build configuration list for PBXProject "Milestone Projects 19-21" */ = {
			isa = XCConfigurationList;
			buildConfigurations = (
				2426F5D022CD3B03000FF170 /* Debug */,
				2426F5D122CD3B03000FF170 /* Release */,
			);
			defaultConfigurationIsVisible = 0;
			defaultConfigurationName = Release;
		};
		2426F5D222CD3B03000FF170 /* Build configuration list for PBXNativeTarget "Milestone Projects 19-21" */ = {
			isa = XCConfigurationList;
			buildConfigurations = (
				2426F5D322CD3B03000FF170 /* Debug */,
				2426F5D422CD3B03000FF170 /* Release */,
			);
			defaultConfigurationIsVisible = 0;
			defaultConfigurationName = Release;
		};
/* End XCConfigurationList section */
	};
	rootObject = 2426F5B822CD3AF7000FF170 /* Project object */;
}
