// !$*UTF8*$!
{
	archiveVersion = 1;
	classes = {
	};
	objectVersion = 50;
	objects = {

/* Begin PBXBuildFile section */
		BC2276A82468549A0016ED5C /* AppDelegate.swift in Sources */ = {isa = PBXBuildFile; fileRef = BC2276A72468549A0016ED5C /* AppDelegate.swift */; };
		BC2276AB2468549A0016ED5C /* ToDo_Swift.xcdatamodeld in Sources */ = {isa = PBXBuildFile; fileRef = BC2276A92468549A0016ED5C /* ToDo_Swift.xcdatamodeld */; };
		BC2276AD2468549A0016ED5C /* SceneDelegate.swift in Sources */ = {isa = PBXBuildFile; fileRef = BC2276AC2468549A0016ED5C /* SceneDelegate.swift */; };
		BC2276AF2468549A0016ED5C /* MasterViewController.swift in Sources */ = {isa = PBXBuildFile; fileRef = BC2276AE2468549A0016ED5C /* MasterViewController.swift */; };
		BC2276B12468549A0016ED5C /* DetailViewController.swift in Sources */ = {isa = PBXBuildFile; fileRef = BC2276B02468549A0016ED5C /* DetailViewController.swift */; };
		BC2276B42468549A0016ED5C /* Main.storyboard in Resources */ = {isa = PBXBuildFile; fileRef = BC2276B22468549A0016ED5C /* Main.storyboard */; };
		BC2276B62468549D0016ED5C /* Assets.xcassets in Resources */ = {isa = PBXBuildFile; fileRef = BC2276B52468549D0016ED5C /* Assets.xcassets */; };
		BC2276B92468549D0016ED5C /* LaunchScreen.storyboard in Resources */ = {isa = PBXBuildFile; fileRef = BC2276B72468549D0016ED5C /* LaunchScreen.storyboard */; };
		BC2276C7246869250016ED5C /* UITableViewCellExt.swift in Sources */ = {isa = PBXBuildFile; fileRef = BC2276C6246869250016ED5C /* UITableViewCellExt.swift */; };
/* End PBXBuildFile section */

/* Begin PBXFileReference section */
		BC2276A42468549A0016ED5C /* ToDo_Swift.app */ = {isa = PBXFileReference; explicitFileType = wrapper.application; includeInIndex = 0; path = ToDo_Swift.app; sourceTree = BUILT_PRODUCTS_DIR; };
		BC2276A72468549A0016ED5C /* AppDelegate.swift */ = {isa = PBXFileReference; lastKnownFileType = sourcecode.swift; path = AppDelegate.swift; sourceTree = "<group>"; };
		BC2276AA2468549A0016ED5C /* ToDo_Swift.xcdatamodel */ = {isa = PBXFileReference; lastKnownFileType = wrapper.xcdatamodel; path = ToDo_Swift.xcdatamodel; sourceTree = "<group>"; };
		BC2276AC2468549A0016ED5C /* SceneDelegate.swift */ = {isa = PBXFileReference; lastKnownFileType = sourcecode.swift; path = SceneDelegate.swift; sourceTree = "<group>"; };
		BC2276AE2468549A0016ED5C /* MasterViewController.swift */ = {isa = PBXFileReference; lastKnownFileType = sourcecode.swift; path = MasterViewController.swift; sourceTree = "<group>"; };
		BC2276B02468549A0016ED5C /* DetailViewController.swift */ = {isa = PBXFileReference; lastKnownFileType = sourcecode.swift; path = DetailViewController.swift; sourceTree = "<group>"; };
		BC2276B32468549A0016ED5C /* Base */ = {isa = PBXFileReference; lastKnownFileType = file.storyboard; name = Base; path = Base.lproj/Main.storyboard; sourceTree = "<group>"; };
		BC2276B52468549D0016ED5C /* Assets.xcassets */ = {isa = PBXFileReference; lastKnownFileType = folder.assetcatalog; path = Assets.xcassets; sourceTree = "<group>"; };
		BC2276B82468549D0016ED5C /* Base */ = {isa = PBXFileReference; lastKnownFileType = file.storyboard; name = Base; path = Base.lproj/LaunchScreen.storyboard; sourceTree = "<group>"; };
		BC2276BA2468549D0016ED5C /* Info.plist */ = {isa = PBXFileReference; lastKnownFileType = text.plist.xml; path = Info.plist; sourceTree = "<group>"; };
		BC2276C4246857D00016ED5C /* whiteHouse.gpx */ = {isa = PBXFileReference; lastKnownFileType = text.xml; name = whiteHouse.gpx; path = ../../../../Downloads/whiteHouse.gpx; sourceTree = "<group>"; };
		BC2276C6246869250016ED5C /* UITableViewCellExt.swift */ = {isa = PBXFileReference; lastKnownFileType = sourcecode.swift; path = UITableViewCellExt.swift; sourceTree = "<group>"; };
/* End PBXFileReference section */

/* Begin PBXFrameworksBuildPhase section */
		BC2276A12468549A0016ED5C /* Frameworks */ = {
			isa = PBXFrameworksBuildPhase;
			buildActionMask = 2147483647;
			files = (
			);
			runOnlyForDeploymentPostprocessing = 0;
		};
/* End PBXFrameworksBuildPhase section */

/* Begin PBXGroup section */
		BC22769B2468549A0016ED5C = {
			isa = PBXGroup;
			children = (
				BC2276C4246857D00016ED5C /* whiteHouse.gpx */,
				BC2276A62468549A0016ED5C /* ToDo_Swift */,
				BC2276A52468549A0016ED5C /* Products */,
			);
			sourceTree = "<group>";
		};
		BC2276A52468549A0016ED5C /* Products */ = {
			isa = PBXGroup;
			children = (
				BC2276A42468549A0016ED5C /* ToDo_Swift.app */,
			);
			name = Products;
			sourceTree = "<group>";
		};
		BC2276A62468549A0016ED5C /* ToDo_Swift */ = {
			isa = PBXGroup;
			children = (
				BC2276C5246869130016ED5C /* Extensions */,
				BC2276C3246854F00016ED5C /* Core Data */,
				BC2276C1246854C40016ED5C /* Storyboards */,
				BC2276C0246854B70016ED5C /* View Controllers */,
				BC2276A72468549A0016ED5C /* AppDelegate.swift */,
				BC2276AC2468549A0016ED5C /* SceneDelegate.swift */,
				BC2276B52468549D0016ED5C /* Assets.xcassets */,
				BC2276BA2468549D0016ED5C /* Info.plist */,
			);
			path = ToDo_Swift;
			sourceTree = "<group>";
		};
		BC2276C0246854B70016ED5C /* View Controllers */ = {
			isa = PBXGroup;
			children = (
				BC2276AE2468549A0016ED5C /* MasterViewController.swift */,
				BC2276B02468549A0016ED5C /* DetailViewController.swift */,
			);
			path = "View Controllers";
			sourceTree = "<group>";
		};
		BC2276C1246854C40016ED5C /* Storyboards */ = {
			isa = PBXGroup;
			children = (
				BC2276B22468549A0016ED5C /* Main.storyboard */,
				BC2276B72468549D0016ED5C /* LaunchScreen.storyboard */,
			);
			path = Storyboards;
			sourceTree = "<group>";
		};
		BC2276C3246854F00016ED5C /* Core Data */ = {
			isa = PBXGroup;
			children = (
				BC2276A92468549A0016ED5C /* ToDo_Swift.xcdatamodeld */,
			);
			path = "Core Data";
			sourceTree = "<group>";
		};
		BC2276C5246869130016ED5C /* Extensions */ = {
			isa = PBXGroup;
			children = (
				BC2276C6246869250016ED5C /* UITableViewCellExt.swift */,
			);
			path = Extensions;
			sourceTree = "<group>";
		};
/* End PBXGroup section */

/* Begin PBXNativeTarget section */
		BC2276A32468549A0016ED5C /* ToDo_Swift */ = {
			isa = PBXNativeTarget;
			buildConfigurationList = BC2276BD2468549D0016ED5C /* Build configuration list for PBXNativeTarget "ToDo_Swift" */;
			buildPhases = (
				BC2276A02468549A0016ED5C /* Sources */,
				BC2276A12468549A0016ED5C /* Frameworks */,
				BC2276A22468549A0016ED5C /* Resources */,
			);
			buildRules = (
			);
			dependencies = (
			);
			name = ToDo_Swift;
			productName = ToDo_Swift;
			productReference = BC2276A42468549A0016ED5C /* ToDo_Swift.app */;
			productType = "com.apple.product-type.application";
		};
/* End PBXNativeTarget section */

/* Begin PBXProject section */
		BC22769C2468549A0016ED5C /* Project object */ = {
			isa = PBXProject;
			attributes = {
				LastSwiftUpdateCheck = 1140;
				LastUpgradeCheck = 1140;
				ORGANIZATIONNAME = "Thomas Kellough";
				TargetAttributes = {
					BC2276A32468549A0016ED5C = {
						CreatedOnToolsVersion = 11.4.1;
					};
				};
			};
			buildConfigurationList = BC22769F2468549A0016ED5C /* Build configuration list for PBXProject "ToDo_Swift" */;
			compatibilityVersion = "Xcode 9.3";
			developmentRegion = en;
			hasScannedForEncodings = 0;
			knownRegions = (
				en,
				Base,
			);
			mainGroup = BC22769B2468549A0016ED5C;
			productRefGroup = BC2276A52468549A0016ED5C /* Products */;
			projectDirPath = "";
			projectRoot = "";
			targets = (
				BC2276A32468549A0016ED5C /* ToDo_Swift */,
			);
		};
/* End PBXProject section */

/* Begin PBXResourcesBuildPhase section */
		BC2276A22468549A0016ED5C /* Resources */ = {
			isa = PBXResourcesBuildPhase;
			buildActionMask = 2147483647;
			files = (
				BC2276B92468549D0016ED5C /* LaunchScreen.storyboard in Resources */,
				BC2276B62468549D0016ED5C /* Assets.xcassets in Resources */,
				BC2276B42468549A0016ED5C /* Main.storyboard in Resources */,
			);
			runOnlyForDeploymentPostprocessing = 0;
		};
/* End PBXResourcesBuildPhase section */

/* Begin PBXSourcesBuildPhase section */
		BC2276A02468549A0016ED5C /* Sources */ = {
			isa = PBXSourcesBuildPhase;
			buildActionMask = 2147483647;
			files = (
				BC2276AF2468549A0016ED5C /* MasterViewController.swift in Sources */,
				BC2276A82468549A0016ED5C /* AppDelegate.swift in Sources */,
				BC2276B12468549A0016ED5C /* DetailViewController.swift in Sources */,
				BC2276AB2468549A0016ED5C /* ToDo_Swift.xcdatamodeld in Sources */,
				BC2276AD2468549A0016ED5C /* SceneDelegate.swift in Sources */,
				BC2276C7246869250016ED5C /* UITableViewCellExt.swift in Sources */,
			);
			runOnlyForDeploymentPostprocessing = 0;
		};
/* End PBXSourcesBuildPhase section */

/* Begin PBXVariantGroup section */
		BC2276B22468549A0016ED5C /* Main.storyboard */ = {
			isa = PBXVariantGroup;
			children = (
				BC2276B32468549A0016ED5C /* Base */,
			);
			name = Main.storyboard;
			sourceTree = "<group>";
		};
		BC2276B72468549D0016ED5C /* LaunchScreen.storyboard */ = {
			isa = PBXVariantGroup;
			children = (
				BC2276B82468549D0016ED5C /* Base */,
			);
			name = LaunchScreen.storyboard;
			sourceTree = "<group>";
		};
/* End PBXVariantGroup section */

/* Begin XCBuildConfiguration section */
		BC2276BB2468549D0016ED5C /* Debug */ = {
			isa = XCBuildConfiguration;
			buildSettings = {
				ALWAYS_SEARCH_USER_PATHS = NO;
				CLANG_ANALYZER_NONNULL = YES;
				CLANG_ANALYZER_NUMBER_OBJECT_CONVERSION = YES_AGGRESSIVE;
				CLANG_CXX_LANGUAGE_STANDARD = "gnu++14";
				CLANG_CXX_LIBRARY = "libc++";
				CLANG_ENABLE_MODULES = YES;
				CLANG_ENABLE_OBJC_ARC = YES;
				CLANG_ENABLE_OBJC_WEAK = YES;
				CLANG_WARN_BLOCK_CAPTURE_AUTORELEASING = YES;
				CLANG_WARN_BOOL_CONVERSION = YES;
				CLANG_WARN_COMMA = YES;
				CLANG_WARN_CONSTANT_CONVERSION = YES;
				CLANG_WARN_DEPRECATED_OBJC_IMPLEMENTATIONS = YES;
				CLANG_WARN_DIRECT_OBJC_ISA_USAGE = YES_ERROR;
				CLANG_WARN_DOCUMENTATION_COMMENTS = YES;
				CLANG_WARN_EMPTY_BODY = YES;
				CLANG_WARN_ENUM_CONVERSION = YES;
				CLANG_WARN_INFINITE_RECURSION = YES;
				CLANG_WARN_INT_CONVERSION = YES;
				CLANG_WARN_NON_LITERAL_NULL_CONVERSION = YES;
				CLANG_WARN_OBJC_IMPLICIT_RETAIN_SELF = YES;
				CLANG_WARN_OBJC_LITERAL_CONVERSION = YES;
				CLANG_WARN_OBJC_ROOT_CLASS = YES_ERROR;
				CLANG_WARN_RANGE_LOOP_ANALYSIS = YES;
				CLANG_WARN_STRICT_PROTOTYPES = YES;
				CLANG_WARN_SUSPICIOUS_MOVE = YES;
				CLANG_WARN_UNGUARDED_AVAILABILITY = YES_AGGRESSIVE;
				CLANG_WARN_UNREACHABLE_CODE = YES;
				CLANG_WARN__DUPLICATE_METHOD_MATCH = YES;
				COPY_PHASE_STRIP = NO;
				DEBUG_INFORMATION_FORMAT = dwarf;
				ENABLE_STRICT_OBJC_MSGSEND = YES;
				ENABLE_TESTABILITY = YES;
				GCC_C_LANGUAGE_STANDARD = gnu11;
				GCC_DYNAMIC_NO_PIC = NO;
				GCC_NO_COMMON_BLOCKS = YES;
				GCC_OPTIMIZATION_LEVEL = 0;
				GCC_PREPROCESSOR_DEFINITIONS = (
					"DEBUG=1",
					"$(inherited)",
				);
				GCC_WARN_64_TO_32_BIT_CONVERSION = YES;
				GCC_WARN_ABOUT_RETURN_TYPE = YES_ERROR;
				GCC_WARN_UNDECLARED_SELECTOR = YES;
				GCC_WARN_UNINITIALIZED_AUTOS = YES_AGGRESSIVE;
				GCC_WARN_UNUSED_FUNCTION = YES;
				GCC_WARN_UNUSED_VARIABLE = YES;
				IPHONEOS_DEPLOYMENT_TARGET = 13.4;
				MTL_ENABLE_DEBUG_INFO = INCLUDE_SOURCE;
				MTL_FAST_MATH = YES;
				ONLY_ACTIVE_ARCH = YES;
				SDKROOT = iphoneos;
				SWIFT_ACTIVE_COMPILATION_CONDITIONS = DEBUG;
				SWIFT_OPTIMIZATION_LEVEL = "-Onone";
			};
			name = Debug;
		};
		BC2276BC2468549D0016ED5C /* Release */ = {
			isa = XCBuildConfiguration;
			buildSettings = {
				ALWAYS_SEARCH_USER_PATHS = NO;
				CLANG_ANALYZER_NONNULL = YES;
				CLANG_ANALYZER_NUMBER_OBJECT_CONVERSION = YES_AGGRESSIVE;
				CLANG_CXX_LANGUAGE_STANDARD = "gnu++14";
				CLANG_CXX_LIBRARY = "libc++";
				CLANG_ENABLE_MODULES = YES;
				CLANG_ENABLE_OBJC_ARC = YES;
				CLANG_ENABLE_OBJC_WEAK = YES;
				CLANG_WARN_BLOCK_CAPTURE_AUTORELEASING = YES;
				CLANG_WARN_BOOL_CONVERSION = YES;
				CLANG_WARN_COMMA = YES;
				CLANG_WARN_CONSTANT_CONVERSION = YES;
				CLANG_WARN_DEPRECATED_OBJC_IMPLEMENTATIONS = YES;
				CLANG_WARN_DIRECT_OBJC_ISA_USAGE = YES_ERROR;
				CLANG_WARN_DOCUMENTATION_COMMENTS = YES;
				CLANG_WARN_EMPTY_BODY = YES;
				CLANG_WARN_ENUM_CONVERSION = YES;
				CLANG_WARN_INFINITE_RECURSION = YES;
				CLANG_WARN_INT_CONVERSION = YES;
				CLANG_WARN_NON_LITERAL_NULL_CONVERSION = YES;
				CLANG_WARN_OBJC_IMPLICIT_RETAIN_SELF = YES;
				CLANG_WARN_OBJC_LITERAL_CONVERSION = YES;
				CLANG_WARN_OBJC_ROOT_CLASS = YES_ERROR;
				CLANG_WARN_RANGE_LOOP_ANALYSIS = YES;
				CLANG_WARN_STRICT_PROTOTYPES = YES;
				CLANG_WARN_SUSPICIOUS_MOVE = YES;
				CLANG_WARN_UNGUARDED_AVAILABILITY = YES_AGGRESSIVE;
				CLANG_WARN_UNREACHABLE_CODE = YES;
				CLANG_WARN__DUPLICATE_METHOD_MATCH = YES;
				COPY_PHASE_STRIP = NO;
				DEBUG_INFORMATION_FORMAT = "dwarf-with-dsym";
				ENABLE_NS_ASSERTIONS = NO;
				ENABLE_STRICT_OBJC_MSGSEND = YES;
				GCC_C_LANGUAGE_STANDARD = gnu11;
				GCC_NO_COMMON_BLOCKS = YES;
				GCC_WARN_64_TO_32_BIT_CONVERSION = YES;
				GCC_WARN_ABOUT_RETURN_TYPE = YES_ERROR;
				GCC_WARN_UNDECLARED_SELECTOR = YES;
				GCC_WARN_UNINITIALIZED_AUTOS = YES_AGGRESSIVE;
				GCC_WARN_UNUSED_FUNCTION = YES;
				GCC_WARN_UNUSED_VARIABLE = YES;
				IPHONEOS_DEPLOYMENT_TARGET = 13.4;
				MTL_ENABLE_DEBUG_INFO = NO;
				MTL_FAST_MATH = YES;
				SDKROOT = iphoneos;
				SWIFT_COMPILATION_MODE = wholemodule;
				SWIFT_OPTIMIZATION_LEVEL = "-O";
				VALIDATE_PRODUCT = YES;
			};
			name = Release;
		};
		BC2276BE2468549D0016ED5C /* Debug */ = {
			isa = XCBuildConfiguration;
			buildSettings = {
				ASSETCATALOG_COMPILER_APPICON_NAME = AppIcon;
				CODE_SIGN_STYLE = Automatic;
				DEVELOPMENT_TEAM = 6R5Z8U7NKU;
				INFOPLIST_FILE = ToDo_Swift/Info.plist;
				LD_RUNPATH_SEARCH_PATHS = (
					"$(inherited)",
					"@executable_path/Frameworks",
				);
				PRODUCT_BUNDLE_IDENTIFIER = "com.kellough.ToDo-Swift";
				PRODUCT_NAME = "$(TARGET_NAME)";
				SWIFT_VERSION = 5.0;
				TARGETED_DEVICE_FAMILY = "1,2";
			};
			name = Debug;
		};
		BC2276BF2468549D0016ED5C /* Release */ = {
			isa = XCBuildConfiguration;
			buildSettings = {
				ASSETCATALOG_COMPILER_APPICON_NAME = AppIcon;
				CODE_SIGN_STYLE = Automatic;
				DEVELOPMENT_TEAM = 6R5Z8U7NKU;
				INFOPLIST_FILE = ToDo_Swift/Info.plist;
				LD_RUNPATH_SEARCH_PATHS = (
					"$(inherited)",
					"@executable_path/Frameworks",
				);
				PRODUCT_BUNDLE_IDENTIFIER = "com.kellough.ToDo-Swift";
				PRODUCT_NAME = "$(TARGET_NAME)";
				SWIFT_VERSION = 5.0;
				TARGETED_DEVICE_FAMILY = "1,2";
			};
			name = Release;
		};
/* End XCBuildConfiguration section */

/* Begin XCConfigurationList section */
		BC22769F2468549A0016ED5C /* Build configuration list for PBXProject "ToDo_Swift" */ = {
			isa = XCConfigurationList;
			buildConfigurations = (
				BC2276BB2468549D0016ED5C /* Debug */,
				BC2276BC2468549D0016ED5C /* Release */,
			);
			defaultConfigurationIsVisible = 0;
			defaultConfigurationName = Release;
		};
		BC2276BD2468549D0016ED5C /* Build configuration list for PBXNativeTarget "ToDo_Swift" */ = {
			isa = XCConfigurationList;
			buildConfigurations = (
				BC2276BE2468549D0016ED5C /* Debug */,
				BC2276BF2468549D0016ED5C /* Release */,
			);
			defaultConfigurationIsVisible = 0;
			defaultConfigurationName = Release;
		};
/* End XCConfigurationList section */

/* Begin XCVersionGroup section */
		BC2276A92468549A0016ED5C /* ToDo_Swift.xcdatamodeld */ = {
			isa = XCVersionGroup;
			children = (
				BC2276AA2468549A0016ED5C /* ToDo_Swift.xcdatamodel */,
			);
			currentVersion = BC2276AA2468549A0016ED5C /* ToDo_Swift.xcdatamodel */;
			path = ToDo_Swift.xcdatamodeld;
			sourceTree = "<group>";
			versionGroupType = wrapper.xcdatamodel;
		};
/* End XCVersionGroup section */
	};
	rootObject = BC22769C2468549A0016ED5C /* Project object */;
}
