// !$*UTF8*$!
{
	archiveVersion = 1;
	classes = {
	};
	objectVersion = 50;
	objects = {

/* Begin PBXBuildFile section */
		2425C55F22D57EF400AF8EA8 /* AppDelegate.swift in Sources */ = {isa = PBXBuildFile; fileRef = 2425C55E22D57EF400AF8EA8 /* AppDelegate.swift */; };
		2425C56122D57EF400AF8EA8 /* GameScene.sks in Resources */ = {isa = PBXBuildFile; fileRef = 2425C56022D57EF400AF8EA8 /* GameScene.sks */; };
		2425C56522D57EF400AF8EA8 /* GameScene.swift in Sources */ = {isa = PBXBuildFile; fileRef = 2425C56422D57EF400AF8EA8 /* GameScene.swift */; };
		2425C56722D57EF400AF8EA8 /* GameViewController.swift in Sources */ = {isa = PBXBuildFile; fileRef = 2425C56622D57EF400AF8EA8 /* GameViewController.swift */; };
		2425C56A22D57EF400AF8EA8 /* Main.storyboard in Resources */ = {isa = PBXBuildFile; fileRef = 2425C56822D57EF400AF8EA8 /* Main.storyboard */; };
		2425C56C22D57EFE00AF8EA8 /* Assets.xcassets in Resources */ = {isa = PBXBuildFile; fileRef = 2425C56B22D57EFE00AF8EA8 /* Assets.xcassets */; };
		2425C56F22D57EFE00AF8EA8 /* LaunchScreen.storyboard in Resources */ = {isa = PBXBuildFile; fileRef = 2425C56D22D57EFE00AF8EA8 /* LaunchScreen.storyboard */; };
		2425C58122D57F7D00AF8EA8 /* sliceHitEnemy.sks in Resources */ = {isa = PBXBuildFile; fileRef = 2425C57622D57F7C00AF8EA8 /* sliceHitEnemy.sks */; };
		2425C58222D57F7D00AF8EA8 /* wrong.caf in Resources */ = {isa = PBXBuildFile; fileRef = 2425C57722D57F7C00AF8EA8 /* wrong.caf */; };
		2425C58322D57F7D00AF8EA8 /* launch.caf in Resources */ = {isa = PBXBuildFile; fileRef = 2425C57822D57F7C00AF8EA8 /* launch.caf */; };
		2425C58422D57F7D00AF8EA8 /* sliceFuse.sks in Resources */ = {isa = PBXBuildFile; fileRef = 2425C57922D57F7D00AF8EA8 /* sliceFuse.sks */; };
		2425C58522D57F7D00AF8EA8 /* swoosh1.caf in Resources */ = {isa = PBXBuildFile; fileRef = 2425C57A22D57F7D00AF8EA8 /* swoosh1.caf */; };
		2425C58622D57F7D00AF8EA8 /* swoosh2.caf in Resources */ = {isa = PBXBuildFile; fileRef = 2425C57B22D57F7D00AF8EA8 /* swoosh2.caf */; };
		2425C58722D57F7D00AF8EA8 /* explosion.caf in Resources */ = {isa = PBXBuildFile; fileRef = 2425C57C22D57F7D00AF8EA8 /* explosion.caf */; };
		2425C58822D57F7D00AF8EA8 /* sliceHitBomb.sks in Resources */ = {isa = PBXBuildFile; fileRef = 2425C57D22D57F7D00AF8EA8 /* sliceHitBomb.sks */; };
		2425C58922D57F7D00AF8EA8 /* whack.caf in Resources */ = {isa = PBXBuildFile; fileRef = 2425C57E22D57F7D00AF8EA8 /* whack.caf */; };
		2425C58A22D57F7D00AF8EA8 /* swoosh3.caf in Resources */ = {isa = PBXBuildFile; fileRef = 2425C57F22D57F7D00AF8EA8 /* swoosh3.caf */; };
		2425C58B22D57F7D00AF8EA8 /* sliceBombFuse.caf in Resources */ = {isa = PBXBuildFile; fileRef = 2425C58022D57F7D00AF8EA8 /* sliceBombFuse.caf */; };
/* End PBXBuildFile section */

/* Begin PBXFileReference section */
		2425C55B22D57EF400AF8EA8 /* Project 23 - HWS Swifty Ninja.app */ = {isa = PBXFileReference; explicitFileType = wrapper.application; includeInIndex = 0; path = "Project 23 - HWS Swifty Ninja.app"; sourceTree = BUILT_PRODUCTS_DIR; };
		2425C55E22D57EF400AF8EA8 /* AppDelegate.swift */ = {isa = PBXFileReference; lastKnownFileType = sourcecode.swift; path = AppDelegate.swift; sourceTree = "<group>"; };
		2425C56022D57EF400AF8EA8 /* GameScene.sks */ = {isa = PBXFileReference; lastKnownFileType = file.sks; path = GameScene.sks; sourceTree = "<group>"; };
		2425C56422D57EF400AF8EA8 /* GameScene.swift */ = {isa = PBXFileReference; lastKnownFileType = sourcecode.swift; path = GameScene.swift; sourceTree = "<group>"; };
		2425C56622D57EF400AF8EA8 /* GameViewController.swift */ = {isa = PBXFileReference; lastKnownFileType = sourcecode.swift; path = GameViewController.swift; sourceTree = "<group>"; };
		2425C56922D57EF400AF8EA8 /* Base */ = {isa = PBXFileReference; lastKnownFileType = file.storyboard; name = Base; path = Base.lproj/Main.storyboard; sourceTree = "<group>"; };
		2425C56B22D57EFE00AF8EA8 /* Assets.xcassets */ = {isa = PBXFileReference; lastKnownFileType = folder.assetcatalog; path = Assets.xcassets; sourceTree = "<group>"; };
		2425C56E22D57EFE00AF8EA8 /* Base */ = {isa = PBXFileReference; lastKnownFileType = file.storyboard; name = Base; path = Base.lproj/LaunchScreen.storyboard; sourceTree = "<group>"; };
		2425C57022D57EFE00AF8EA8 /* Info.plist */ = {isa = PBXFileReference; lastKnownFileType = text.plist.xml; path = Info.plist; sourceTree = "<group>"; };
		2425C57622D57F7C00AF8EA8 /* sliceHitEnemy.sks */ = {isa = PBXFileReference; lastKnownFileType = file.sks; path = sliceHitEnemy.sks; sourceTree = "<group>"; };
		2425C57722D57F7C00AF8EA8 /* wrong.caf */ = {isa = PBXFileReference; lastKnownFileType = file; path = wrong.caf; sourceTree = "<group>"; };
		2425C57822D57F7C00AF8EA8 /* launch.caf */ = {isa = PBXFileReference; lastKnownFileType = file; path = launch.caf; sourceTree = "<group>"; };
		2425C57922D57F7D00AF8EA8 /* sliceFuse.sks */ = {isa = PBXFileReference; lastKnownFileType = file.sks; path = sliceFuse.sks; sourceTree = "<group>"; };
		2425C57A22D57F7D00AF8EA8 /* swoosh1.caf */ = {isa = PBXFileReference; lastKnownFileType = file; path = swoosh1.caf; sourceTree = "<group>"; };
		2425C57B22D57F7D00AF8EA8 /* swoosh2.caf */ = {isa = PBXFileReference; lastKnownFileType = file; path = swoosh2.caf; sourceTree = "<group>"; };
		2425C57C22D57F7D00AF8EA8 /* explosion.caf */ = {isa = PBXFileReference; lastKnownFileType = file; path = explosion.caf; sourceTree = "<group>"; };
		2425C57D22D57F7D00AF8EA8 /* sliceHitBomb.sks */ = {isa = PBXFileReference; lastKnownFileType = file.sks; path = sliceHitBomb.sks; sourceTree = "<group>"; };
		2425C57E22D57F7D00AF8EA8 /* whack.caf */ = {isa = PBXFileReference; lastKnownFileType = file; path = whack.caf; sourceTree = "<group>"; };
		2425C57F22D57F7D00AF8EA8 /* swoosh3.caf */ = {isa = PBXFileReference; lastKnownFileType = file; path = swoosh3.caf; sourceTree = "<group>"; };
		2425C58022D57F7D00AF8EA8 /* sliceBombFuse.caf */ = {isa = PBXFileReference; lastKnownFileType = file; path = sliceBombFuse.caf; sourceTree = "<group>"; };
/* End PBXFileReference section */

/* Begin PBXFrameworksBuildPhase section */
		2425C55822D57EF400AF8EA8 /* Frameworks */ = {
			isa = PBXFrameworksBuildPhase;
			buildActionMask = 2147483647;
			files = (
			);
			runOnlyForDeploymentPostprocessing = 0;
		};
/* End PBXFrameworksBuildPhase section */

/* Begin PBXGroup section */
		2425C55222D57EF400AF8EA8 = {
			isa = PBXGroup;
			children = (
				2425C55D22D57EF400AF8EA8 /* Project 23 - HWS Swifty Ninja */,
				2425C55C22D57EF400AF8EA8 /* Products */,
			);
			sourceTree = "<group>";
		};
		2425C55C22D57EF400AF8EA8 /* Products */ = {
			isa = PBXGroup;
			children = (
				2425C55B22D57EF400AF8EA8 /* Project 23 - HWS Swifty Ninja.app */,
			);
			name = Products;
			sourceTree = "<group>";
		};
		2425C55D22D57EF400AF8EA8 /* Project 23 - HWS Swifty Ninja */ = {
			isa = PBXGroup;
			children = (
				2425C55E22D57EF400AF8EA8 /* AppDelegate.swift */,
				2425C56022D57EF400AF8EA8 /* GameScene.sks */,
				2425C56422D57EF400AF8EA8 /* GameScene.swift */,
				2425C56622D57EF400AF8EA8 /* GameViewController.swift */,
				2425C56822D57EF400AF8EA8 /* Main.storyboard */,
				2425C56B22D57EFE00AF8EA8 /* Assets.xcassets */,
				2425C56D22D57EFE00AF8EA8 /* LaunchScreen.storyboard */,
				2425C57022D57EFE00AF8EA8 /* Info.plist */,
				2425C57C22D57F7D00AF8EA8 /* explosion.caf */,
				2425C57822D57F7C00AF8EA8 /* launch.caf */,
				2425C58022D57F7D00AF8EA8 /* sliceBombFuse.caf */,
				2425C57922D57F7D00AF8EA8 /* sliceFuse.sks */,
				2425C57D22D57F7D00AF8EA8 /* sliceHitBomb.sks */,
				2425C57622D57F7C00AF8EA8 /* sliceHitEnemy.sks */,
				2425C57A22D57F7D00AF8EA8 /* swoosh1.caf */,
				2425C57B22D57F7D00AF8EA8 /* swoosh2.caf */,
				2425C57F22D57F7D00AF8EA8 /* swoosh3.caf */,
				2425C57E22D57F7D00AF8EA8 /* whack.caf */,
				2425C57722D57F7C00AF8EA8 /* wrong.caf */,
			);
			path = "Project 23 - HWS Swifty Ninja";
			sourceTree = "<group>";
		};
/* End PBXGroup section */

/* Begin PBXNativeTarget section */
		2425C55A22D57EF400AF8EA8 /* Project 23 - HWS Swifty Ninja */ = {
			isa = PBXNativeTarget;
			buildConfigurationList = 2425C57322D57EFE00AF8EA8 /* Build configuration list for PBXNativeTarget "Project 23 - HWS Swifty Ninja" */;
			buildPhases = (
				2425C55722D57EF400AF8EA8 /* Sources */,
				2425C55822D57EF400AF8EA8 /* Frameworks */,
				2425C55922D57EF400AF8EA8 /* Resources */,
			);
			buildRules = (
			);
			dependencies = (
			);
			name = "Project 23 - HWS Swifty Ninja";
			productName = "Project 23 - HWS Swifty Ninja";
			productReference = 2425C55B22D57EF400AF8EA8 /* Project 23 - HWS Swifty Ninja.app */;
			productType = "com.apple.product-type.application";
		};
/* End PBXNativeTarget section */

/* Begin PBXProject section */
		2425C55322D57EF400AF8EA8 /* Project object */ = {
			isa = PBXProject;
			attributes = {
				LastSwiftUpdateCheck = 1020;
				LastUpgradeCheck = 1020;
				ORGANIZATIONNAME = "Thomas Kellough";
				TargetAttributes = {
					2425C55A22D57EF400AF8EA8 = {
						CreatedOnToolsVersion = 10.2.1;
					};
				};
			};
			buildConfigurationList = 2425C55622D57EF400AF8EA8 /* Build configuration list for PBXProject "Project 23 - HWS Swifty Ninja" */;
			compatibilityVersion = "Xcode 9.3";
			developmentRegion = en;
			hasScannedForEncodings = 0;
			knownRegions = (
				en,
				Base,
			);
			mainGroup = 2425C55222D57EF400AF8EA8;
			productRefGroup = 2425C55C22D57EF400AF8EA8 /* Products */;
			projectDirPath = "";
			projectRoot = "";
			targets = (
				2425C55A22D57EF400AF8EA8 /* Project 23 - HWS Swifty Ninja */,
			);
		};
/* End PBXProject section */

/* Begin PBXResourcesBuildPhase section */
		2425C55922D57EF400AF8EA8 /* Resources */ = {
			isa = PBXResourcesBuildPhase;
			buildActionMask = 2147483647;
			files = (
				2425C58B22D57F7D00AF8EA8 /* sliceBombFuse.caf in Resources */,
				2425C58822D57F7D00AF8EA8 /* sliceHitBomb.sks in Resources */,
				2425C58622D57F7D00AF8EA8 /* swoosh2.caf in Resources */,
				2425C56A22D57EF400AF8EA8 /* Main.storyboard in Resources */,
				2425C56122D57EF400AF8EA8 /* GameScene.sks in Resources */,
				2425C58122D57F7D00AF8EA8 /* sliceHitEnemy.sks in Resources */,
				2425C58722D57F7D00AF8EA8 /* explosion.caf in Resources */,
				2425C58322D57F7D00AF8EA8 /* launch.caf in Resources */,
				2425C58922D57F7D00AF8EA8 /* whack.caf in Resources */,
				2425C56C22D57EFE00AF8EA8 /* Assets.xcassets in Resources */,
				2425C58222D57F7D00AF8EA8 /* wrong.caf in Resources */,
				2425C56F22D57EFE00AF8EA8 /* LaunchScreen.storyboard in Resources */,
				2425C58422D57F7D00AF8EA8 /* sliceFuse.sks in Resources */,
				2425C58522D57F7D00AF8EA8 /* swoosh1.caf in Resources */,
				2425C58A22D57F7D00AF8EA8 /* swoosh3.caf in Resources */,
			);
			runOnlyForDeploymentPostprocessing = 0;
		};
/* End PBXResourcesBuildPhase section */

/* Begin PBXSourcesBuildPhase section */
		2425C55722D57EF400AF8EA8 /* Sources */ = {
			isa = PBXSourcesBuildPhase;
			buildActionMask = 2147483647;
			files = (
				2425C56522D57EF400AF8EA8 /* GameScene.swift in Sources */,
				2425C56722D57EF400AF8EA8 /* GameViewController.swift in Sources */,
				2425C55F22D57EF400AF8EA8 /* AppDelegate.swift in Sources */,
			);
			runOnlyForDeploymentPostprocessing = 0;
		};
/* End PBXSourcesBuildPhase section */

/* Begin PBXVariantGroup section */
		2425C56822D57EF400AF8EA8 /* Main.storyboard */ = {
			isa = PBXVariantGroup;
			children = (
				2425C56922D57EF400AF8EA8 /* Base */,
			);
			name = Main.storyboard;
			sourceTree = "<group>";
		};
		2425C56D22D57EFE00AF8EA8 /* LaunchScreen.storyboard */ = {
			isa = PBXVariantGroup;
			children = (
				2425C56E22D57EFE00AF8EA8 /* Base */,
			);
			name = LaunchScreen.storyboard;
			sourceTree = "<group>";
		};
/* End PBXVariantGroup section */

/* Begin XCBuildConfiguration section */
		2425C57122D57EFE00AF8EA8 /* Debug */ = {
			isa = XCBuildConfiguration;
			buildSettings = {
				ALWAYS_SEARCH_USER_PATHS = NO;
				CLANG_ANALYZER_NONNULL = YES;
				CLANG_ANALYZER_NUMBER_OBJECT_CONVERSION = YES_AGGRESSIVE;
				CLANG_CXX_LANGUAGE_STANDARD = "gnu++14";
				CLANG_CXX_LIBRARY = "libc++";
				CLANG_ENABLE_MODULES = YES;
				CLANG_ENABLE_OBJC_ARC = YES;
				CLANG_ENABLE_OBJC_WEAK = YES;
				CLANG_WARN_BLOCK_CAPTURE_AUTORELEASING = YES;
				CLANG_WARN_BOOL_CONVERSION = YES;
				CLANG_WARN_COMMA = YES;
				CLANG_WARN_CONSTANT_CONVERSION = YES;
				CLANG_WARN_DEPRECATED_OBJC_IMPLEMENTATIONS = YES;
				CLANG_WARN_DIRECT_OBJC_ISA_USAGE = YES_ERROR;
				CLANG_WARN_DOCUMENTATION_COMMENTS = YES;
				CLANG_WARN_EMPTY_BODY = YES;
				CLANG_WARN_ENUM_CONVERSION = YES;
				CLANG_WARN_INFINITE_RECURSION = YES;
				CLANG_WARN_INT_CONVERSION = YES;
				CLANG_WARN_NON_LITERAL_NULL_CONVERSION = YES;
				CLANG_WARN_OBJC_IMPLICIT_RETAIN_SELF = YES;
				CLANG_WARN_OBJC_LITERAL_CONVERSION = YES;
				CLANG_WARN_OBJC_ROOT_CLASS = YES_ERROR;
				CLANG_WARN_RANGE_LOOP_ANALYSIS = YES;
				CLANG_WARN_STRICT_PROTOTYPES = YES;
				CLANG_WARN_SUSPICIOUS_MOVE = YES;
				CLANG_WARN_UNGUARDED_AVAILABILITY = YES_AGGRESSIVE;
				CLANG_WARN_UNREACHABLE_CODE = YES;
				CLANG_WARN__DUPLICATE_METHOD_MATCH = YES;
				CODE_SIGN_IDENTITY = "iPhone Developer";
				COPY_PHASE_STRIP = NO;
				DEBUG_INFORMATION_FORMAT = dwarf;
				ENABLE_STRICT_OBJC_MSGSEND = YES;
				ENABLE_TESTABILITY = YES;
				GCC_C_LANGUAGE_STANDARD = gnu11;
				GCC_DYNAMIC_NO_PIC = NO;
				GCC_NO_COMMON_BLOCKS = YES;
				GCC_OPTIMIZATION_LEVEL = 0;
				GCC_PREPROCESSOR_DEFINITIONS = (
					"DEBUG=1",
					"$(inherited)",
				);
				GCC_WARN_64_TO_32_BIT_CONVERSION = YES;
				GCC_WARN_ABOUT_RETURN_TYPE = YES_ERROR;
				GCC_WARN_UNDECLARED_SELECTOR = YES;
				GCC_WARN_UNINITIALIZED_AUTOS = YES_AGGRESSIVE;
				GCC_WARN_UNUSED_FUNCTION = YES;
				GCC_WARN_UNUSED_VARIABLE = YES;
				IPHONEOS_DEPLOYMENT_TARGET = 12.2;
				MTL_ENABLE_DEBUG_INFO = INCLUDE_SOURCE;
				MTL_FAST_MATH = YES;
				ONLY_ACTIVE_ARCH = YES;
				SDKROOT = iphoneos;
				SWIFT_ACTIVE_COMPILATION_CONDITIONS = DEBUG;
				SWIFT_OPTIMIZATION_LEVEL = "-Onone";
			};
			name = Debug;
		};
		2425C57222D57EFE00AF8EA8 /* Release */ = {
			isa = XCBuildConfiguration;
			buildSettings = {
				ALWAYS_SEARCH_USER_PATHS = NO;
				CLANG_ANALYZER_NONNULL = YES;
				CLANG_ANALYZER_NUMBER_OBJECT_CONVERSION = YES_AGGRESSIVE;
				CLANG_CXX_LANGUAGE_STANDARD = "gnu++14";
				CLANG_CXX_LIBRARY = "libc++";
				CLANG_ENABLE_MODULES = YES;
				CLANG_ENABLE_OBJC_ARC = YES;
				CLANG_ENABLE_OBJC_WEAK = YES;
				CLANG_WARN_BLOCK_CAPTURE_AUTORELEASING = YES;
				CLANG_WARN_BOOL_CONVERSION = YES;
				CLANG_WARN_COMMA = YES;
				CLANG_WARN_CONSTANT_CONVERSION = YES;
				CLANG_WARN_DEPRECATED_OBJC_IMPLEMENTATIONS = YES;
				CLANG_WARN_DIRECT_OBJC_ISA_USAGE = YES_ERROR;
				CLANG_WARN_DOCUMENTATION_COMMENTS = YES;
				CLANG_WARN_EMPTY_BODY = YES;
				CLANG_WARN_ENUM_CONVERSION = YES;
				CLANG_WARN_INFINITE_RECURSION = YES;
				CLANG_WARN_INT_CONVERSION = YES;
				CLANG_WARN_NON_LITERAL_NULL_CONVERSION = YES;
				CLANG_WARN_OBJC_IMPLICIT_RETAIN_SELF = YES;
				CLANG_WARN_OBJC_LITERAL_CONVERSION = YES;
				CLANG_WARN_OBJC_ROOT_CLASS = YES_ERROR;
				CLANG_WARN_RANGE_LOOP_ANALYSIS = YES;
				CLANG_WARN_STRICT_PROTOTYPES = YES;
				CLANG_WARN_SUSPICIOUS_MOVE = YES;
				CLANG_WARN_UNGUARDED_AVAILABILITY = YES_AGGRESSIVE;
				CLANG_WARN_UNREACHABLE_CODE = YES;
				CLANG_WARN__DUPLICATE_METHOD_MATCH = YES;
				CODE_SIGN_IDENTITY = "iPhone Developer";
				COPY_PHASE_STRIP = NO;
				DEBUG_INFORMATION_FORMAT = "dwarf-with-dsym";
				ENABLE_NS_ASSERTIONS = NO;
				ENABLE_STRICT_OBJC_MSGSEND = YES;
				GCC_C_LANGUAGE_STANDARD = gnu11;
				GCC_NO_COMMON_BLOCKS = YES;
				GCC_WARN_64_TO_32_BIT_CONVERSION = YES;
				GCC_WARN_ABOUT_RETURN_TYPE = YES_ERROR;
				GCC_WARN_UNDECLARED_SELECTOR = YES;
				GCC_WARN_UNINITIALIZED_AUTOS = YES_AGGRESSIVE;
				GCC_WARN_UNUSED_FUNCTION = YES;
				GCC_WARN_UNUSED_VARIABLE = YES;
				IPHONEOS_DEPLOYMENT_TARGET = 12.2;
				MTL_ENABLE_DEBUG_INFO = NO;
				MTL_FAST_MATH = YES;
				SDKROOT = iphoneos;
				SWIFT_COMPILATION_MODE = wholemodule;
				SWIFT_OPTIMIZATION_LEVEL = "-O";
				VALIDATE_PRODUCT = YES;
			};
			name = Release;
		};
		2425C57422D57EFE00AF8EA8 /* Debug */ = {
			isa = XCBuildConfiguration;
			buildSettings = {
				ASSETCATALOG_COMPILER_APPICON_NAME = AppIcon;
				CODE_SIGN_STYLE = Automatic;
				DEVELOPMENT_TEAM = 3AX6FLKBW9;
				INFOPLIST_FILE = "Project 23 - HWS Swifty Ninja/Info.plist";
				LD_RUNPATH_SEARCH_PATHS = (
					"$(inherited)",
					"@executable_path/Frameworks",
				);
				PRODUCT_BUNDLE_IDENTIFIER = "com.kellough.Project-23---HWS-Swifty-Ninja";
				PRODUCT_NAME = "$(TARGET_NAME)";
				SWIFT_VERSION = 5.0;
				TARGETED_DEVICE_FAMILY = "1,2";
			};
			name = Debug;
		};
		2425C57522D57EFE00AF8EA8 /* Release */ = {
			isa = XCBuildConfiguration;
			buildSettings = {
				ASSETCATALOG_COMPILER_APPICON_NAME = AppIcon;
				CODE_SIGN_STYLE = Automatic;
				DEVELOPMENT_TEAM = 3AX6FLKBW9;
				INFOPLIST_FILE = "Project 23 - HWS Swifty Ninja/Info.plist";
				LD_RUNPATH_SEARCH_PATHS = (
					"$(inherited)",
					"@executable_path/Frameworks",
				);
				PRODUCT_BUNDLE_IDENTIFIER = "com.kellough.Project-23---HWS-Swifty-Ninja";
				PRODUCT_NAME = "$(TARGET_NAME)";
				SWIFT_VERSION = 5.0;
				TARGETED_DEVICE_FAMILY = "1,2";
			};
			name = Release;
		};
/* End XCBuildConfiguration section */

/* Begin XCConfigurationList section */
		2425C55622D57EF400AF8EA8 /* Build configuration list for PBXProject "Project 23 - HWS Swifty Ninja" */ = {
			isa = XCConfigurationList;
			buildConfigurations = (
				2425C57122D57EFE00AF8EA8 /* Debug */,
				2425C57222D57EFE00AF8EA8 /* Release */,
			);
			defaultConfigurationIsVisible = 0;
			defaultConfigurationName = Release;
		};
		2425C57322D57EFE00AF8EA8 /* Build configuration list for PBXNativeTarget "Project 23 - HWS Swifty Ninja" */ = {
			isa = XCConfigurationList;
			buildConfigurations = (
				2425C57422D57EFE00AF8EA8 /* Debug */,
				2425C57522D57EFE00AF8EA8 /* Release */,
			);
			defaultConfigurationIsVisible = 0;
			defaultConfigurationName = Release;
		};
/* End XCConfigurationList section */
	};
	rootObject = 2425C55322D57EF400AF8EA8 /* Project object */;
}
