// !$*UTF8*$!
{
	archiveVersion = 1;
	classes = {
	};
	objectVersion = 50;
	objects = {

/* Begin PBXBuildFile section */
		2471F45A22E4344000E08186 /* AppDelegate.swift in Sources */ = {isa = PBXBuildFile; fileRef = 2471F45922E4344000E08186 /* AppDelegate.swift */; };
		2471F45C22E4344000E08186 /* GameScene.sks in Resources */ = {isa = PBXBuildFile; fileRef = 2471F45B22E4344000E08186 /* GameScene.sks */; };
		2471F46022E4344000E08186 /* GameScene.swift in Sources */ = {isa = PBXBuildFile; fileRef = 2471F45F22E4344000E08186 /* GameScene.swift */; };
		2471F46222E4344000E08186 /* GameViewController.swift in Sources */ = {isa = PBXBuildFile; fileRef = 2471F46122E4344000E08186 /* GameViewController.swift */; };
		2471F46522E4344000E08186 /* Main.storyboard in Resources */ = {isa = PBXBuildFile; fileRef = 2471F46322E4344000E08186 /* Main.storyboard */; };
		2471F46722E4344200E08186 /* Assets.xcassets in Resources */ = {isa = PBXBuildFile; fileRef = 2471F46622E4344200E08186 /* Assets.xcassets */; };
		2471F46A22E4344200E08186 /* LaunchScreen.storyboard in Resources */ = {isa = PBXBuildFile; fileRef = 2471F46822E4344200E08186 /* LaunchScreen.storyboard */; };
		2471F47222E434CA00E08186 /* BuildingNode.swift in Sources */ = {isa = PBXBuildFile; fileRef = 2471F47122E434CA00E08186 /* BuildingNode.swift */; };
		2471F47522E4A1DB00E08186 /* hitBuilding.sks in Resources */ = {isa = PBXBuildFile; fileRef = 2471F47322E4A1DB00E08186 /* hitBuilding.sks */; };
		2471F47622E4A1DB00E08186 /* hitPlayer.sks in Resources */ = {isa = PBXBuildFile; fileRef = 2471F47422E4A1DB00E08186 /* hitPlayer.sks */; };
/* End PBXBuildFile section */

/* Begin PBXFileReference section */
		2471F45622E4344000E08186 /* Project 29 - HWS Exploding Monkeys.app */ = {isa = PBXFileReference; explicitFileType = wrapper.application; includeInIndex = 0; path = "Project 29 - HWS Exploding Monkeys.app"; sourceTree = BUILT_PRODUCTS_DIR; };
		2471F45922E4344000E08186 /* AppDelegate.swift */ = {isa = PBXFileReference; lastKnownFileType = sourcecode.swift; path = AppDelegate.swift; sourceTree = "<group>"; };
		2471F45B22E4344000E08186 /* GameScene.sks */ = {isa = PBXFileReference; lastKnownFileType = file.sks; path = GameScene.sks; sourceTree = "<group>"; };
		2471F45F22E4344000E08186 /* GameScene.swift */ = {isa = PBXFileReference; lastKnownFileType = sourcecode.swift; path = GameScene.swift; sourceTree = "<group>"; };
		2471F46122E4344000E08186 /* GameViewController.swift */ = {isa = PBXFileReference; lastKnownFileType = sourcecode.swift; path = GameViewController.swift; sourceTree = "<group>"; };
		2471F46422E4344000E08186 /* Base */ = {isa = PBXFileReference; lastKnownFileType = file.storyboard; name = Base; path = Base.lproj/Main.storyboard; sourceTree = "<group>"; };
		2471F46622E4344200E08186 /* Assets.xcassets */ = {isa = PBXFileReference; lastKnownFileType = folder.assetcatalog; path = Assets.xcassets; sourceTree = "<group>"; };
		2471F46922E4344200E08186 /* Base */ = {isa = PBXFileReference; lastKnownFileType = file.storyboard; name = Base; path = Base.lproj/LaunchScreen.storyboard; sourceTree = "<group>"; };
		2471F46B22E4344200E08186 /* Info.plist */ = {isa = PBXFileReference; lastKnownFileType = text.plist.xml; path = Info.plist; sourceTree = "<group>"; };
		2471F47122E434CA00E08186 /* BuildingNode.swift */ = {isa = PBXFileReference; lastKnownFileType = sourcecode.swift; path = BuildingNode.swift; sourceTree = "<group>"; };
		2471F47322E4A1DB00E08186 /* hitBuilding.sks */ = {isa = PBXFileReference; lastKnownFileType = file.sks; path = hitBuilding.sks; sourceTree = "<group>"; };
		2471F47422E4A1DB00E08186 /* hitPlayer.sks */ = {isa = PBXFileReference; lastKnownFileType = file.sks; path = hitPlayer.sks; sourceTree = "<group>"; };
/* End PBXFileReference section */

/* Begin PBXFrameworksBuildPhase section */
		2471F45322E4344000E08186 /* Frameworks */ = {
			isa = PBXFrameworksBuildPhase;
			buildActionMask = 2147483647;
			files = (
			);
			runOnlyForDeploymentPostprocessing = 0;
		};
/* End PBXFrameworksBuildPhase section */

/* Begin PBXGroup section */
		2471F44D22E4344000E08186 = {
			isa = PBXGroup;
			children = (
				2471F45822E4344000E08186 /* Project 29 - HWS Exploding Monkeys */,
				2471F45722E4344000E08186 /* Products */,
			);
			sourceTree = "<group>";
		};
		2471F45722E4344000E08186 /* Products */ = {
			isa = PBXGroup;
			children = (
				2471F45622E4344000E08186 /* Project 29 - HWS Exploding Monkeys.app */,
			);
			name = Products;
			sourceTree = "<group>";
		};
		2471F45822E4344000E08186 /* Project 29 - HWS Exploding Monkeys */ = {
			isa = PBXGroup;
			children = (
				2471F45922E4344000E08186 /* AppDelegate.swift */,
				2471F45B22E4344000E08186 /* GameScene.sks */,
				2471F45F22E4344000E08186 /* GameScene.swift */,
				2471F47122E434CA00E08186 /* BuildingNode.swift */,
				2471F46122E4344000E08186 /* GameViewController.swift */,
				2471F46322E4344000E08186 /* Main.storyboard */,
				2471F46622E4344200E08186 /* Assets.xcassets */,
				2471F46822E4344200E08186 /* LaunchScreen.storyboard */,
				2471F46B22E4344200E08186 /* Info.plist */,
				2471F47322E4A1DB00E08186 /* hitBuilding.sks */,
				2471F47422E4A1DB00E08186 /* hitPlayer.sks */,
			);
			path = "Project 29 - HWS Exploding Monkeys";
			sourceTree = "<group>";
		};
/* End PBXGroup section */

/* Begin PBXNativeTarget section */
		2471F45522E4344000E08186 /* Project 29 - HWS Exploding Monkeys */ = {
			isa = PBXNativeTarget;
			buildConfigurationList = 2471F46E22E4344200E08186 /* Build configuration list for PBXNativeTarget "Project 29 - HWS Exploding Monkeys" */;
			buildPhases = (
				2471F45222E4344000E08186 /* Sources */,
				2471F45322E4344000E08186 /* Frameworks */,
				2471F45422E4344000E08186 /* Resources */,
			);
			buildRules = (
			);
			dependencies = (
			);
			name = "Project 29 - HWS Exploding Monkeys";
			productName = "Project 29 - HWS Exploding Monkeys";
			productReference = 2471F45622E4344000E08186 /* Project 29 - HWS Exploding Monkeys.app */;
			productType = "com.apple.product-type.application";
		};
/* End PBXNativeTarget section */

/* Begin PBXProject section */
		2471F44E22E4344000E08186 /* Project object */ = {
			isa = PBXProject;
			attributes = {
				LastSwiftUpdateCheck = 1020;
				LastUpgradeCheck = 1020;
				ORGANIZATIONNAME = "Thomas Kellough";
				TargetAttributes = {
					2471F45522E4344000E08186 = {
						CreatedOnToolsVersion = 10.2.1;
					};
				};
			};
			buildConfigurationList = 2471F45122E4344000E08186 /* Build configuration list for PBXProject "Project 29 - HWS Exploding Monkeys" */;
			compatibilityVersion = "Xcode 9.3";
			developmentRegion = en;
			hasScannedForEncodings = 0;
			knownRegions = (
				en,
				Base,
			);
			mainGroup = 2471F44D22E4344000E08186;
			productRefGroup = 2471F45722E4344000E08186 /* Products */;
			projectDirPath = "";
			projectRoot = "";
			targets = (
				2471F45522E4344000E08186 /* Project 29 - HWS Exploding Monkeys */,
			);
		};
/* End PBXProject section */

/* Begin PBXResourcesBuildPhase section */
		2471F45422E4344000E08186 /* Resources */ = {
			isa = PBXResourcesBuildPhase;
			buildActionMask = 2147483647;
			files = (
				2471F46522E4344000E08186 /* Main.storyboard in Resources */,
				2471F47522E4A1DB00E08186 /* hitBuilding.sks in Resources */,
				2471F47622E4A1DB00E08186 /* hitPlayer.sks in Resources */,
				2471F45C22E4344000E08186 /* GameScene.sks in Resources */,
				2471F46722E4344200E08186 /* Assets.xcassets in Resources */,
				2471F46A22E4344200E08186 /* LaunchScreen.storyboard in Resources */,
			);
			runOnlyForDeploymentPostprocessing = 0;
		};
/* End PBXResourcesBuildPhase section */

/* Begin PBXSourcesBuildPhase section */
		2471F45222E4344000E08186 /* Sources */ = {
			isa = PBXSourcesBuildPhase;
			buildActionMask = 2147483647;
			files = (
				2471F46022E4344000E08186 /* GameScene.swift in Sources */,
				2471F47222E434CA00E08186 /* BuildingNode.swift in Sources */,
				2471F46222E4344000E08186 /* GameViewController.swift in Sources */,
				2471F45A22E4344000E08186 /* AppDelegate.swift in Sources */,
			);
			runOnlyForDeploymentPostprocessing = 0;
		};
/* End PBXSourcesBuildPhase section */

/* Begin PBXVariantGroup section */
		2471F46322E4344000E08186 /* Main.storyboard */ = {
			isa = PBXVariantGroup;
			children = (
				2471F46422E4344000E08186 /* Base */,
			);
			name = Main.storyboard;
			sourceTree = "<group>";
		};
		2471F46822E4344200E08186 /* LaunchScreen.storyboard */ = {
			isa = PBXVariantGroup;
			children = (
				2471F46922E4344200E08186 /* Base */,
			);
			name = LaunchScreen.storyboard;
			sourceTree = "<group>";
		};
/* End PBXVariantGroup section */

/* Begin XCBuildConfiguration section */
		2471F46C22E4344200E08186 /* Debug */ = {
			isa = XCBuildConfiguration;
			buildSettings = {
				ALWAYS_SEARCH_USER_PATHS = NO;
				CLANG_ANALYZER_NONNULL = YES;
				CLANG_ANALYZER_NUMBER_OBJECT_CONVERSION = YES_AGGRESSIVE;
				CLANG_CXX_LANGUAGE_STANDARD = "gnu++14";
				CLANG_CXX_LIBRARY = "libc++";
				CLANG_ENABLE_MODULES = YES;
				CLANG_ENABLE_OBJC_ARC = YES;
				CLANG_ENABLE_OBJC_WEAK = YES;
				CLANG_WARN_BLOCK_CAPTURE_AUTORELEASING = YES;
				CLANG_WARN_BOOL_CONVERSION = YES;
				CLANG_WARN_COMMA = YES;
				CLANG_WARN_CONSTANT_CONVERSION = YES;
				CLANG_WARN_DEPRECATED_OBJC_IMPLEMENTATIONS = YES;
				CLANG_WARN_DIRECT_OBJC_ISA_USAGE = YES_ERROR;
				CLANG_WARN_DOCUMENTATION_COMMENTS = YES;
				CLANG_WARN_EMPTY_BODY = YES;
				CLANG_WARN_ENUM_CONVERSION = YES;
				CLANG_WARN_INFINITE_RECURSION = YES;
				CLANG_WARN_INT_CONVERSION = YES;
				CLANG_WARN_NON_LITERAL_NULL_CONVERSION = YES;
				CLANG_WARN_OBJC_IMPLICIT_RETAIN_SELF = YES;
				CLANG_WARN_OBJC_LITERAL_CONVERSION = YES;
				CLANG_WARN_OBJC_ROOT_CLASS = YES_ERROR;
				CLANG_WARN_RANGE_LOOP_ANALYSIS = YES;
				CLANG_WARN_STRICT_PROTOTYPES = YES;
				CLANG_WARN_SUSPICIOUS_MOVE = YES;
				CLANG_WARN_UNGUARDED_AVAILABILITY = YES_AGGRESSIVE;
				CLANG_WARN_UNREACHABLE_CODE = YES;
				CLANG_WARN__DUPLICATE_METHOD_MATCH = YES;
				CODE_SIGN_IDENTITY = "iPhone Developer";
				COPY_PHASE_STRIP = NO;
				DEBUG_INFORMATION_FORMAT = dwarf;
				ENABLE_STRICT_OBJC_MSGSEND = YES;
				ENABLE_TESTABILITY = YES;
				GCC_C_LANGUAGE_STANDARD = gnu11;
				GCC_DYNAMIC_NO_PIC = NO;
				GCC_NO_COMMON_BLOCKS = YES;
				GCC_OPTIMIZATION_LEVEL = 0;
				GCC_PREPROCESSOR_DEFINITIONS = (
					"DEBUG=1",
					"$(inherited)",
				);
				GCC_WARN_64_TO_32_BIT_CONVERSION = YES;
				GCC_WARN_ABOUT_RETURN_TYPE = YES_ERROR;
				GCC_WARN_UNDECLARED_SELECTOR = YES;
				GCC_WARN_UNINITIALIZED_AUTOS = YES_AGGRESSIVE;
				GCC_WARN_UNUSED_FUNCTION = YES;
				GCC_WARN_UNUSED_VARIABLE = YES;
				IPHONEOS_DEPLOYMENT_TARGET = 12.2;
				MTL_ENABLE_DEBUG_INFO = INCLUDE_SOURCE;
				MTL_FAST_MATH = YES;
				ONLY_ACTIVE_ARCH = YES;
				SDKROOT = iphoneos;
				SWIFT_ACTIVE_COMPILATION_CONDITIONS = DEBUG;
				SWIFT_OPTIMIZATION_LEVEL = "-Onone";
			};
			name = Debug;
		};
		2471F46D22E4344200E08186 /* Release */ = {
			isa = XCBuildConfiguration;
			buildSettings = {
				ALWAYS_SEARCH_USER_PATHS = NO;
				CLANG_ANALYZER_NONNULL = YES;
				CLANG_ANALYZER_NUMBER_OBJECT_CONVERSION = YES_AGGRESSIVE;
				CLANG_CXX_LANGUAGE_STANDARD = "gnu++14";
				CLANG_CXX_LIBRARY = "libc++";
				CLANG_ENABLE_MODULES = YES;
				CLANG_ENABLE_OBJC_ARC = YES;
				CLANG_ENABLE_OBJC_WEAK = YES;
				CLANG_WARN_BLOCK_CAPTURE_AUTORELEASING = YES;
				CLANG_WARN_BOOL_CONVERSION = YES;
				CLANG_WARN_COMMA = YES;
				CLANG_WARN_CONSTANT_CONVERSION = YES;
				CLANG_WARN_DEPRECATED_OBJC_IMPLEMENTATIONS = YES;
				CLANG_WARN_DIRECT_OBJC_ISA_USAGE = YES_ERROR;
				CLANG_WARN_DOCUMENTATION_COMMENTS = YES;
				CLANG_WARN_EMPTY_BODY = YES;
				CLANG_WARN_ENUM_CONVERSION = YES;
				CLANG_WARN_INFINITE_RECURSION = YES;
				CLANG_WARN_INT_CONVERSION = YES;
				CLANG_WARN_NON_LITERAL_NULL_CONVERSION = YES;
				CLANG_WARN_OBJC_IMPLICIT_RETAIN_SELF = YES;
				CLANG_WARN_OBJC_LITERAL_CONVERSION = YES;
				CLANG_WARN_OBJC_ROOT_CLASS = YES_ERROR;
				CLANG_WARN_RANGE_LOOP_ANALYSIS = YES;
				CLANG_WARN_STRICT_PROTOTYPES = YES;
				CLANG_WARN_SUSPICIOUS_MOVE = YES;
				CLANG_WARN_UNGUARDED_AVAILABILITY = YES_AGGRESSIVE;
				CLANG_WARN_UNREACHABLE_CODE = YES;
				CLANG_WARN__DUPLICATE_METHOD_MATCH = YES;
				CODE_SIGN_IDENTITY = "iPhone Developer";
				COPY_PHASE_STRIP = NO;
				DEBUG_INFORMATION_FORMAT = "dwarf-with-dsym";
				ENABLE_NS_ASSERTIONS = NO;
				ENABLE_STRICT_OBJC_MSGSEND = YES;
				GCC_C_LANGUAGE_STANDARD = gnu11;
				GCC_NO_COMMON_BLOCKS = YES;
				GCC_WARN_64_TO_32_BIT_CONVERSION = YES;
				GCC_WARN_ABOUT_RETURN_TYPE = YES_ERROR;
				GCC_WARN_UNDECLARED_SELECTOR = YES;
				GCC_WARN_UNINITIALIZED_AUTOS = YES_AGGRESSIVE;
				GCC_WARN_UNUSED_FUNCTION = YES;
				GCC_WARN_UNUSED_VARIABLE = YES;
				IPHONEOS_DEPLOYMENT_TARGET = 12.2;
				MTL_ENABLE_DEBUG_INFO = NO;
				MTL_FAST_MATH = YES;
				SDKROOT = iphoneos;
				SWIFT_COMPILATION_MODE = wholemodule;
				SWIFT_OPTIMIZATION_LEVEL = "-O";
				VALIDATE_PRODUCT = YES;
			};
			name = Release;
		};
		2471F46F22E4344200E08186 /* Debug */ = {
			isa = XCBuildConfiguration;
			buildSettings = {
				ASSETCATALOG_COMPILER_APPICON_NAME = AppIcon;
				CODE_SIGN_STYLE = Automatic;
				DEVELOPMENT_TEAM = 3AX6FLKBW9;
				INFOPLIST_FILE = "Project 29 - HWS Exploding Monkeys/Info.plist";
				LD_RUNPATH_SEARCH_PATHS = (
					"$(inherited)",
					"@executable_path/Frameworks",
				);
				PRODUCT_BUNDLE_IDENTIFIER = "com.kellough.Project-29---HWS-Exploding-Monkeys";
				PRODUCT_NAME = "$(TARGET_NAME)";
				SWIFT_VERSION = 5.0;
				TARGETED_DEVICE_FAMILY = 2;
			};
			name = Debug;
		};
		2471F47022E4344200E08186 /* Release */ = {
			isa = XCBuildConfiguration;
			buildSettings = {
				ASSETCATALOG_COMPILER_APPICON_NAME = AppIcon;
				CODE_SIGN_STYLE = Automatic;
				DEVELOPMENT_TEAM = 3AX6FLKBW9;
				INFOPLIST_FILE = "Project 29 - HWS Exploding Monkeys/Info.plist";
				LD_RUNPATH_SEARCH_PATHS = (
					"$(inherited)",
					"@executable_path/Frameworks",
				);
				PRODUCT_BUNDLE_IDENTIFIER = "com.kellough.Project-29---HWS-Exploding-Monkeys";
				PRODUCT_NAME = "$(TARGET_NAME)";
				SWIFT_VERSION = 5.0;
				TARGETED_DEVICE_FAMILY = 2;
			};
			name = Release;
		};
/* End XCBuildConfiguration section */

/* Begin XCConfigurationList section */
		2471F45122E4344000E08186 /* Build configuration list for PBXProject "Project 29 - HWS Exploding Monkeys" */ = {
			isa = XCConfigurationList;
			buildConfigurations = (
				2471F46C22E4344200E08186 /* Debug */,
				2471F46D22E4344200E08186 /* Release */,
			);
			defaultConfigurationIsVisible = 0;
			defaultConfigurationName = Release;
		};
		2471F46E22E4344200E08186 /* Build configuration list for PBXNativeTarget "Project 29 - HWS Exploding Monkeys" */ = {
			isa = XCConfigurationList;
			buildConfigurations = (
				2471F46F22E4344200E08186 /* Debug */,
				2471F47022E4344200E08186 /* Release */,
			);
			defaultConfigurationIsVisible = 0;
			defaultConfigurationName = Release;
		};
/* End XCConfigurationList section */
	};
	rootObject = 2471F44E22E4344000E08186 /* Project object */;
}
